<?xml version="1.0" encoding="utf-8"?>
<Project ToolsVersion="4.0" xmlns="http://schemas.microsoft.com/developer/msbuild/2003">
  <ItemGroup>
    <Filter Include="Source Files">
      <UniqueIdentifier>{4FC737F1-C7A5-4376-A066-2A32D752A2FF}</UniqueIdentifier>
      <Extensions>cpp;c;cc;cxx;def;odl;idl;hpj;bat;asm;asmx</Extensions>
    </Filter>
    <Filter Include="Header Files">
      <UniqueIdentifier>{93995380-89BD-4b04-88EB-625FBE52EBFB}</UniqueIdentifier>
      <Extensions>h;hh;hpp;hxx;hm;inl;inc;xsd</Extensions>
    </Filter>
    <Filter Include="Resource Files">
      <UniqueIdentifier>{67DA6AB6-F800-4c08-8B7A-83BB121AAD01}</UniqueIdentifier>
      <Extensions>rc;ico;cur;bmp;dlg;rc2;rct;bin;rgs;gif;jpg;jpeg;jpe;resx;tiff;tif;png;wav;mfcribbon-ms</Extensions>
    </Filter>
  </ItemGroup>
  <ItemGroup>
    <Text Include="ReadMe.txt" />
  </ItemGroup>
  <ItemGroup>
    <ClInclude Include="stdafx.h">
      <Filter>Header Files</Filter>
    </ClInclude>
    <ClInclude Include="targetver.h">
      <Filter>Header Files</Filter>
    </ClInclude>
    <ClInclude Include="types.h">
      <Filter>Header Files</Filter>
    </ClInclude>
    <ClInclude Include="const.h">
      <Filter>Header Files</Filter>
    </ClInclude>
    <ClInclude Include="cyber_channel_win32.h">
      <Filter>Header Files</Filter>
    </ClInclude>
    <ClInclude Include="dcc6681.h">
      <Filter>Header Files</Filter>
    </ClInclude>
    <ClInclude Include="npu.h">
      <Filter>Header Files</Filter>
    </ClInclude>
    <ClInclude Include="proto.h">
      <Filter>Header Files</Filter>
    </ClInclude>
    <ClInclude Include="resource.h">
      <Filter>Header Files</Filter>
    </ClInclude>
    <ClInclude Include="MCpu.h">
      <Filter>Header Files</Filter>
    </ClInclude>
    <ClInclude Include="Mpp.h">
      <Filter>Header Files</Filter>
    </ClInclude>
    <ClInclude Include="MSystem.h">
      <Filter>Header Files</Filter>
    </ClInclude>
    <ClInclude Include="MMainFrame.h">
      <Filter>Header Files</Filter>
    </ClInclude>
  </ItemGroup>
  <ItemGroup>
    <ClCompile Include="stdafx.cpp">
      <Filter>Source Files</Filter>
    </ClCompile>
    <ClCompile Include="CppCyber.cpp">
      <Filter>Source Files</Filter>
    </ClCompile>
    <ClCompile Include="log.cpp">
      <Filter>Source Files</Filter>
    </ClCompile>
    <ClCompile Include="channel.cpp">
      <Filter>Source Files</Filter>
    </ClCompile>
    <ClCompile Include="charset.cpp">
      <Filter>Source Files</Filter>
    </ClCompile>
    <ClCompile Include="console.cpp">
      <Filter>Source Files</Filter>
    </ClCompile>
    <ClCompile Include="window_win32.cpp">
      <Filter>Source Files</Filter>
    </ClCompile>
    <ClCompile Include="cp3446.cpp">
      <Filter>Source Files</Filter>
    </ClCompile>
    <ClCompile Include="cr405.cpp">
      <Filter>Source Files</Filter>
    </ClCompile>
    <ClCompile Include="cr3447.cpp">
      <Filter>Source Files</Filter>
    </ClCompile>
    <ClCompile Include="dcc6681.cpp">
      <Filter>Source Files</Filter>
    </ClCompile>
    <ClCompile Include="dd8xx.cpp">
      <Filter>Source Files</Filter>
    </ClCompile>
    <ClCompile Include="dd6603.cpp">
      <Filter>Source Files</Filter>
    </ClCompile>
    <ClCompile Include="ddp.cpp">
      <Filter>Source Files</Filter>
    </ClCompile>
    <ClCompile Include="deadstart.cpp">
      <Filter>Source Files</Filter>
    </ClCompile>
    <ClCompile Include="dump.cpp">
      <Filter>Source Files</Filter>
    </ClCompile>
    <ClCompile Include="float.cpp">
      <Filter>Source Files</Filter>
    </ClCompile>
    <ClCompile Include="interlock_channel.cpp">
      <Filter>Source Files</Filter>
    </ClCompile>
    <ClCompile Include="lp1612.cpp">
      <Filter>Source Files</Filter>
    </ClCompile>
    <ClCompile Include="lp3000.cpp">
      <Filter>Source Files</Filter>
    </ClCompile>
    <ClCompile Include="maintenance_channel.cpp">
      <Filter>Source Files</Filter>
    </ClCompile>
    <ClCompile Include="mt362.cpp">
      <Filter>Source Files</Filter>
    </ClCompile>
    <ClCompile Include="mt607.cpp">
      <Filter>Source Files</Filter>
    </ClCompile>
    <ClCompile Include="mt669.cpp">
      <Filter>Source Files</Filter>
    </ClCompile>
    <ClCompile Include="mt679.cpp">
      <Filter>Source Files</Filter>
    </ClCompile>
    <ClCompile Include="mux6676.cpp">
      <Filter>Source Files</Filter>
    </ClCompile>
    <ClCompile Include="npu_async.cpp">
      <Filter>Source Files</Filter>
    </ClCompile>
    <ClCompile Include="npu_bip.cpp">
      <Filter>Source Files</Filter>
    </ClCompile>
    <ClCompile Include="npu_hip.cpp">
      <Filter>Source Files</Filter>
    </ClCompile>
    <ClCompile Include="npu_net.cpp">
      <Filter>Source Files</Filter>
    </ClCompile>
    <ClCompile Include="npu_tip.cpp">
      <Filter>Source Files</Filter>
    </ClCompile>
    <ClCompile Include="npu_svm.cpp">
      <Filter>Source Files</Filter>
    </ClCompile>
    <ClCompile Include="operator.cpp">
      <Filter>Source Files</Filter>
    </ClCompile>
    <ClCompile Include="rtc.cpp">
      <Filter>Source Files</Filter>
    </ClCompile>
    <ClCompile Include="scr_channel.cpp">
      <Filter>Source Files</Filter>
    </ClCompile>
    <ClCompile Include="shift.cpp">
      <Filter>Source Files</Filter>
    </ClCompile>
    <ClCompile Include="tpmux.cpp">
      <Filter>Source Files</Filter>
    </ClCompile>
    <ClCompile Include="trace.cpp">
      <Filter>Source Files</Filter>
    </ClCompile>
    <ClCompile Include="pci_channel_win32.cpp">
      <Filter>Source Files</Filter>
    </ClCompile>
    <ClCompile Include="MCpu.cpp">
      <Filter>Source Files</Filter>
    </ClCompile>
    <ClCompile Include="Mpp.cpp">
      <Filter>Source Files</Filter>
    </ClCompile>
    <ClCompile Include="devicedesc.cpp">
      <Filter>Source Files</Filter>
    </ClCompile>
    <ClCompile Include="MMainFrame.cpp">
      <Filter>Source Files</Filter>
    </ClCompile>
    <ClCompile Include="MSystem.cpp">
      <Filter>Source Files</Filter>
    </ClCompile>
  </ItemGroup>
  <ItemGroup>
    <Image Include="small.ico">
      <Filter>Resource Files</Filter>
    </Image>
    <Image Include="console.ico">
      <Filter>Resource Files</Filter>
    </Image>
  </ItemGroup>
  <ItemGroup>
    <ResourceCompile Include="window.rc">
      <Filter>Resource Files</Filter>
    </ResourceCompile>
  </ItemGroup>
</Project>